
Microsoft Visual Studio Solution File, Format Version 12.00
# Visual Studio 2017
Project("{FAE04EC0-301F-11D3-BF4B-00C04F79EFBC}") = "Sideways", "Sideways.csproj", "{7AC3D4E4-D565-A9DD-79B8-6B10D52DC5AA}"
EndProject
Global
	GlobalSection(SolutionConfigurationPlatforms) = preSolution
		Debug|Any CPU = Debug|Any CPU
		Release|Any CPU = Release|Any CPU
	EndGlobalSection
	GlobalSection(ProjectConfigurationPlatforms) = postSolution
		{7AC3D4E4-D565-A9DD-79B8-6B10D52DC5AA}.Debug|Any CPU.ActiveCfg = Debug|Any CPU
		{7AC3D4E4-D565-A9DD-79B8-6B10D52DC5AA}.Debug|Any CPU.Build.0 = Debug|Any CPU
		{7AC3D4E4-D565-A9DD-79B8-6B10D52DC5AA}.Release|Any CPU.ActiveCfg = Release|Any CPU
		{7AC3D4E4-D565-A9DD-79B8-6B10D52DC5AA}.Release|Any CPU.Build.0 = Release|Any CPU
	EndGlobalSection
	GlobalSection(SolutionProperties) = preSolution
		HideSolutionNode = FALSE
	EndGlobalSection
EndGlobal
